
Microsoft Visual Studio Solution File, Format Version 12.00
# Visual Studio 15
VisualStudioVersion = 15.0.27004.2002
MinimumVisualStudioVersion = 10.0.40219.1
Project("{8BC9CEB8-8B4A-11D0-8D11-00A0C91BC942}") = "Beacon", "Beacon\Beacon.vcxproj", "{7AB9811E-BB89-420F-B882-EFEF2BB0B2B5}"
EndProject
Project("{8BC9CEB8-8B4A-11D0-8D11-00A0C91BC942}") = "BeaconClientTest", "BeaconClientTest\BeaconClientTest.vcxproj", "{321D0185-1DC1-456D-BC6E-BEC16346F743}"
EndProject
Project("{8BC9CEB8-8B4A-11D0-8D11-00A0C91BC942}") = "BeaconServerTest", "BeaconServerTest\BeaconServerTest.vcxproj", "{8D65F3C0-3FEB-4019-8015-B6056E52041F}"
EndProject
Global
	GlobalSection(SolutionConfigurationPlatforms) = preSolution
		Debug|x64 = Debug|x64
		Debug|x86 = Debug|x86
		Release|x64 = Release|x64
		Release|x86 = Release|x86
	EndGlobalSection
	GlobalSection(ProjectConfigurationPlatforms) = postSolution
		{7AB9811E-BB89-420F-B882-EFEF2BB0B2B5}.Debug|x64.ActiveCfg = Debug|x64
		{7AB9811E-BB89-420F-B882-EFEF2BB0B2B5}.Debug|x64.Build.0 = Debug|x64
		{7AB9811E-BB89-420F-B882-EFEF2BB0B2B5}.Debug|x86.ActiveCfg = Debug|Win32
		{7AB9811E-BB89-420F-B882-EFEF2BB0B2B5}.Debug|x86.Build.0 = Debug|Win32
		{7AB9811E-BB89-420F-B882-EFEF2BB0B2B5}.Release|x64.ActiveCfg = Release|x64
		{7AB9811E-BB89-420F-B882-EFEF2BB0B2B5}.Release|x64.Build.0 = Release|x64
		{7AB9811E-BB89-420F-B882-EFEF2BB0B2B5}.Release|x86.ActiveCfg = Release|Win32
		{7AB9811E-BB89-420F-B882-EFEF2BB0B2B5}.Release|x86.Build.0 = Release|Win32
		{321D0185-1DC1-456D-BC6E-BEC16346F743}.Debug|x64.ActiveCfg = Debug|x64
		{321D0185-1DC1-456D-BC6E-BEC16346F743}.Debug|x64.Build.0 = Debug|x64
		{321D0185-1DC1-456D-BC6E-BEC16346F743}.Debug|x86.ActiveCfg = Debug|Win32
		{321D0185-1DC1-456D-BC6E-BEC16346F743}.Debug|x86.Build.0 = Debug|Win32
		{321D0185-1DC1-456D-BC6E-BEC16346F743}.Release|x64.ActiveCfg = Release|x64
		{321D0185-1DC1-456D-BC6E-BEC16346F743}.Release|x64.Build.0 = Release|x64
		{321D0185-1DC1-456D-BC6E-BEC16346F743}.Release|x86.ActiveCfg = Release|Win32
		{321D0185-1DC1-456D-BC6E-BEC16346F743}.Release|x86.Build.0 = Release|Win32
		{8D65F3C0-3FEB-4019-8015-B6056E52041F}.Debug|x64.ActiveCfg = Debug|x64
		{8D65F3C0-3FEB-4019-8015-B6056E52041F}.Debug|x64.Build.0 = Debug|x64
		{8D65F3C0-3FEB-4019-8015-B6056E52041F}.Debug|x86.ActiveCfg = Debug|Win32
		{8D65F3C0-3FEB-4019-8015-B6056E52041F}.Debug|x86.Build.0 = Debug|Win32
		{8D65F3C0-3FEB-4019-8015-B6056E52041F}.Release|x64.ActiveCfg = Release|x64
		{8D65F3C0-3FEB-4019-8015-B6056E52041F}.Release|x64.Build.0 = Release|x64
		{8D65F3C0-3FEB-4019-8015-B6056E52041F}.Release|x86.ActiveCfg = Release|Win32
		{8D65F3C0-3FEB-4019-8015-B6056E52041F}.Release|x86.Build.0 = Release|Win32
	EndGlobalSection
	GlobalSection(SolutionProperties) = preSolution
		HideSolutionNode = FALSE
	EndGlobalSection
	GlobalSection(ExtensibilityGlobals) = postSolution
		SolutionGuid = {250C5F06-61DA-43AD-91DD-3208E6AE73DD}
	EndGlobalSection
EndGlobal
